{
  "name": "assets",
  "lockfileVersion": 3,
  "requires": true,
  "packages": {
    "": {
      "devDependencies": {
        "phoenix_live_view": "file:../deps/phoenix_live_view"
      }
    },
    "..": {
      "dev": true
    },
    "../..": {
      "name": "phoenix_notif",
      "version": "0.1.0",
      "dev": true,
      "license": "MIT"
    },
    "../deps/phoenix_live_view": {
      "version": "0.20.14",
      "dev": true,
      "license": "MIT",
      "devDependencies": {
        "@playwright/test": "^1.41.0"
      }
    },
    "node_modules/phoenix_live_view": {
      "resolved": "../deps/phoenix_live_view",
      "link": true
    }
  }
}
